// !$*UTF8*$!
{
	archiveVersion = 1;
	classes = {
	};
	objectVersion = 63;
	objects = {

/* Begin PBXBuildFile section */
		048AA99F21FD8639CC0C199D /* MacroCalculatorTests.swift in Sources */ = {isa = PBXBuildFile; fileRef = D0C26DB53708686996AB3986 /* MacroCalculatorTests.swift */; };
		0B83534FCDAC6780EB2D31DE /* WeightTrendView.swift in Sources */ = {isa = PBXBuildFile; fileRef = 66990C2DAB2D2DABAE43CA54 /* WeightTrendView.swift */; };
		169723050FE3785C8842AC4E /* HealthKitService.swift in Sources */ = {isa = PBXBuildFile; fileRef = 8FB45F145CEE145BFA423628 /* HealthKitService.swift */; };
		1F79FCE804B9E7A52D87D6EA /* PhotoCaptureView.swift in Sources */ = {isa = PBXBuildFile; fileRef = 09BAE911A2C6549150F22520 /* PhotoCaptureView.swift */; };
		245A443EB4042F4B26C2471A /* MedicationViewModel.swift in Sources */ = {isa = PBXBuildFile; fileRef = 1984C35E0B609E1E1F56507A /* MedicationViewModel.swift */; };
		29CC3388A1C429EF2D53D313 /* MedicationModels.swift in Sources */ = {isa = PBXBuildFile; fileRef = 3487F6C6AA67729DAC6C7479 /* MedicationModels.swift */; };
		2AE8092FBC395DA5C4F2002B /* RepositoryProtocols.swift in Sources */ = {isa = PBXBuildFile; fileRef = 77BA814DC09A00DE934A28B0 /* RepositoryProtocols.swift */; };
		2B9D6909392E7FED85B898E2 /* KeychainService.swift in Sources */ = {isa = PBXBuildFile; fileRef = 25EEDC73310610B4F4399E32 /* KeychainService.swift */; };
		2BB449C82633ED6F66766BA2 /* CustomFoodEditorView.swift in Sources */ = {isa = PBXBuildFile; fileRef = F0BF0FB91E0EABFA44721AB5 /* CustomFoodEditorView.swift */; };
		2C53E3B714BD6A1CF84A6091 /* FoodDetailViewModel.swift in Sources */ = {isa = PBXBuildFile; fileRef = FCFD54B26C1382AFD72662C1 /* FoodDetailViewModel.swift */; };
		2D0A88336839215049709003 /* OFFClient.swift in Sources */ = {isa = PBXBuildFile; fileRef = 8C4DEA045D71F4E551E5AEF4 /* OFFClient.swift */; };
		335AF4DE6532982BB62452D9 /* WeightEntry.swift in Sources */ = {isa = PBXBuildFile; fileRef = 09AC3E9A8017B8394A9D0B09 /* WeightEntry.swift */; };
		3826F6B45FCE0E46EA956522 /* FoodRepositoryRoutingTests.swift in Sources */ = {isa = PBXBuildFile; fileRef = 546D57A22ADA16EBE03A4390 /* FoodRepositoryRoutingTests.swift */; };
		3D6339ACF38027AD6EA80E42 /* AnthropicClient.swift in Sources */ = {isa = PBXBuildFile; fileRef = 884A3926105FCF62CBEF9E82 /* AnthropicClient.swift */; };
		43097AAAAAB9AF9F5B147D91 /* OnboardingView.swift in Sources */ = {isa = PBXBuildFile; fileRef = 1AA43B0F0894C4E8CDCEA0F6 /* OnboardingView.swift */; };
		455CDFA0CC582A219B6A50F4 /* AppContainer.swift in Sources */ = {isa = PBXBuildFile; fileRef = 5BE8011DD3808C3BD246A00B /* AppContainer.swift */; };
		588A53AD4B86F448550E110E /* GenericFoodDatabase.swift in Sources */ = {isa = PBXBuildFile; fileRef = B68227E5C0F91861A48BE57A /* GenericFoodDatabase.swift */; };
		5ABBEF89E8BFE035ACBBEEB4 /* FoodSearchViewModel.swift in Sources */ = {isa = PBXBuildFile; fileRef = 5235C96887682680E9DA93C4 /* FoodSearchViewModel.swift */; };
		5F4E8A1A7B7022AB5563A210 /* RootView.swift in Sources */ = {isa = PBXBuildFile; fileRef = AD4050285731103FE0685BF1 /* RootView.swift */; };
		601ECC5D7CD59908977E31B0 /* UserProfile.swift in Sources */ = {isa = PBXBuildFile; fileRef = 44130A3C00919966DD9E9635 /* UserProfile.swift */; };
		6844CCC4CE1C9B1F03C151F0 /* Assets.xcassets in Resources */ = {isa = PBXBuildFile; fileRef = 4D1C612923A463CDB2823CE2 /* Assets.xcassets */; };
		6AE19AEDB42AECAB13C383DE /* UnitConverter.swift in Sources */ = {isa = PBXBuildFile; fileRef = 38BDAF16FF543F9B4F252BEB /* UnitConverter.swift */; };
		6CDC6D5B8562264316A69A85 /* PhotoReviewView.swift in Sources */ = {isa = PBXBuildFile; fileRef = 8A5FB99ACB77AB35B64870D8 /* PhotoReviewView.swift */; };
		762E18781381A8A582CC6E9D /* LoggerAppApp.swift in Sources */ = {isa = PBXBuildFile; fileRef = 03FD8A46C0AB7A602DC6D479 /* LoggerAppApp.swift */; };
		77D698EBF76FFFEFE983CF4C /* SharedTypes.swift in Sources */ = {isa = PBXBuildFile; fileRef = 69312B08E9D3182B1D0EF5D5 /* SharedTypes.swift */; };
		825241E6F2454EC12EE3B9E9 /* HomeView.swift in Sources */ = {isa = PBXBuildFile; fileRef = 04C49CAB934923A825BB074C /* HomeView.swift */; };
		837CBC899D51B122ECA02547 /* NutritionMathTests.swift in Sources */ = {isa = PBXBuildFile; fileRef = B616D22A16ED57EF4D56EDBF /* NutritionMathTests.swift */; };
		8EE2D195C30532E776A1BEAC /* OFFResponseParser.swift in Sources */ = {isa = PBXBuildFile; fileRef = 036095ADC2D77CA9530C7661 /* OFFResponseParser.swift */; };
		8EEDC591BA5EC64C24DB4101 /* FoodSearchView.swift in Sources */ = {isa = PBXBuildFile; fileRef = 69F5853F01C34DD0DA6A67DC /* FoodSearchView.swift */; };
		97BBE6408CE5E3DB732DE38D /* String+Helpers.swift in Sources */ = {isa = PBXBuildFile; fileRef = D687CB87E25E2824B61C85D1 /* String+Helpers.swift */; };
		9B8998C873D01E970EF77DF6 /* NavigationRouter.swift in Sources */ = {isa = PBXBuildFile; fileRef = 37344A545D85353673EFEC24 /* NavigationRouter.swift */; };
		9E7FE01E9D5EFA87C9D9795E /* WeightViewModel.swift in Sources */ = {isa = PBXBuildFile; fileRef = A113F1AA023452D210F1A7C1 /* WeightViewModel.swift */; };
		9F9B1BBA91ED56CEF11638DA /* AppError.swift in Sources */ = {isa = PBXBuildFile; fileRef = 494D32A0F8E9ED8F2A3F83C5 /* AppError.swift */; };
		9FE250D8BFC6C315CF7E99D2 /* PhotoLogViewModel.swift in Sources */ = {isa = PBXBuildFile; fileRef = 00BE5625BEB7492016A9051B /* PhotoLogViewModel.swift */; };
		A3042C2D8010EAC5A6F4A7B5 /* SettingsViewModel.swift in Sources */ = {isa = PBXBuildFile; fileRef = AEA6EED028A5381D2034EB9F /* SettingsViewModel.swift */; };
		A99C1D6AF41F34F50E1FE740 /* NLPLogViewModel.swift in Sources */ = {isa = PBXBuildFile; fileRef = 0747D913563F052C68C0F023 /* NLPLogViewModel.swift */; };
		AF5E4A1A48E86E3383ED1EEF /* LogRepository.swift in Sources */ = {isa = PBXBuildFile; fileRef = 0F3D420D3FEA4CEB930512F7 /* LogRepository.swift */; };
		B1E57553341225849CFEEB5E /* DashboardViewModel.swift in Sources */ = {isa = PBXBuildFile; fileRef = 51D06504E68A1A0AD7036BF9 /* DashboardViewModel.swift */; };
		B4374B167F69B60625D5AB96 /* FoodDetailView.swift in Sources */ = {isa = PBXBuildFile; fileRef = 621B26B3D576813C2BAE1405 /* FoodDetailView.swift */; };
		B438DAA0F8FC5F38B5778CB0 /* GLP1TrackerView.swift in Sources */ = {isa = PBXBuildFile; fileRef = DDC7270677E002F24B139FCB /* GLP1TrackerView.swift */; };
		B610B97C56C42DD6CF58BBEE /* SettingsView.swift in Sources */ = {isa = PBXBuildFile; fileRef = DEF0C044EAFAD8C852195227 /* SettingsView.swift */; };
		BE4AB6911C1487ABBFDA1481 /* NotificationManager.swift in Sources */ = {isa = PBXBuildFile; fileRef = E72A89692E4746D6BD4D5D4E /* NotificationManager.swift */; };
		C07D2E3B4CF607FF92C29B4A /* AIReviewViewModel.swift in Sources */ = {isa = PBXBuildFile; fileRef = B03793E7253F6EABA78F770B /* AIReviewViewModel.swift */; };
		C8F81657A4A86FF2BDAF92A1 /* AIDecodingTests.swift in Sources */ = {isa = PBXBuildFile; fileRef = 09D18C44D112F3A399759F9A /* AIDecodingTests.swift */; };
		C977B1A9A65565B7428E0D95 /* FoodRepository.swift in Sources */ = {isa = PBXBuildFile; fileRef = 9B84D26007DC988070250B0C /* FoodRepository.swift */; };
		CBD3C347C2EA0B2E5ED7E410 /* FoodItem.swift in Sources */ = {isa = PBXBuildFile; fileRef = 6CC8E66EB81B886192C89604 /* FoodItem.swift */; };
		CE762FEAF68C20A2906A6D0B /* AIFoodResponse.swift in Sources */ = {isa = PBXBuildFile; fileRef = A050AFD40E6E56DA396B20F5 /* AIFoodResponse.swift */; };
		D7D406608EE0FB39B10AD5C4 /* MacroRingView.swift in Sources */ = {isa = PBXBuildFile; fileRef = 1523EC7FDCD427719D78831F /* MacroRingView.swift */; };
		DC138CFDF6EE30377C06E2B3 /* Color+Brand.swift in Sources */ = {isa = PBXBuildFile; fileRef = 1F0B0EBFF2474C8D0663A94B /* Color+Brand.swift */; };
		DF30750F271404C4342EE25A /* BarcodeScannerView.swift in Sources */ = {isa = PBXBuildFile; fileRef = F9EC9BDCBED3C1F69B0F1FB5 /* BarcodeScannerView.swift */; };
		DF81856D6DD71E77000EFCE8 /* WeightRepository.swift in Sources */ = {isa = PBXBuildFile; fileRef = D48CF94E4006C503E76993EF /* WeightRepository.swift */; };
		E443703CA1F292423FB98DA4 /* MockAIResponses.json in Resources */ = {isa = PBXBuildFile; fileRef = 972384DC20F5A75608339DF2 /* MockAIResponses.json */; };
		E98D99BF9308FC3F914B1C4D /* AIRepository.swift in Sources */ = {isa = PBXBuildFile; fileRef = 5B19C85C66D3C57A626FC949 /* AIRepository.swift */; };
		EA237CF32C4FEC8864002411 /* generic_foods.json in Resources */ = {isa = PBXBuildFile; fileRef = B49C25CED9DDA466637F438C /* generic_foods.json */; };
		F42369F31873225CE4FF51FC /* FoodLog.swift in Sources */ = {isa = PBXBuildFile; fileRef = 59A1C47B60F92BE5E5330C93 /* FoodLog.swift */; };
		F833F66A9D09F74031889280 /* MedicationRepository.swift in Sources */ = {isa = PBXBuildFile; fileRef = E27F07034B14DACBA7324BC1 /* MedicationRepository.swift */; };
		FCB8EA18708F1EC8AF406378 /* MockFoodItems.swift in Sources */ = {isa = PBXBuildFile; fileRef = 6CA5C5094E669B89A13A0E46 /* MockFoodItems.swift */; };
		FD567ED768C36E5235F28CB4 /* Date+Helpers.swift in Sources */ = {isa = PBXBuildFile; fileRef = 1BF4D94F311D9A64F51F3D9E /* Date+Helpers.swift */; };
		FD61B4C87EE8FFDA793AD47D /* NLPLogView.swift in Sources */ = {isa = PBXBuildFile; fileRef = 8BA8D5BF5762BD77ED861C34 /* NLPLogView.swift */; };
		FD80E860F51A2029B4E8F6A2 /* NutritionMath.swift in Sources */ = {isa = PBXBuildFile; fileRef = B9DD48513BD0E0D0C73F99D6 /* NutritionMath.swift */; };
/* End PBXBuildFile section */

/* Begin PBXContainerItemProxy section */
		EFE4185E8C90FE0DFD51DEEC /* PBXContainerItemProxy */ = {
			isa = PBXContainerItemProxy;
			containerPortal = A5FD4A6825947354BAC1F5BB /* Project object */;
			proxyType = 1;
			remoteGlobalIDString = 34999A039687AC79E984099E;
			remoteInfo = LoggerApp;
		};
/* End PBXContainerItemProxy section */

/* Begin PBXFileReference section */
		00BE5625BEB7492016A9051B /* PhotoLogViewModel.swift */ = {isa = PBXFileReference; lastKnownFileType = sourcecode.swift; path = PhotoLogViewModel.swift; sourceTree = "<group>"; };
		036095ADC2D77CA9530C7661 /* OFFResponseParser.swift */ = {isa = PBXFileReference; lastKnownFileType = sourcecode.swift; path = OFFResponseParser.swift; sourceTree = "<group>"; };
		03FD8A46C0AB7A602DC6D479 /* LoggerAppApp.swift */ = {isa = PBXFileReference; lastKnownFileType = sourcecode.swift; path = LoggerAppApp.swift; sourceTree = "<group>"; };
		04C49CAB934923A825BB074C /* HomeView.swift */ = {isa = PBXFileReference; lastKnownFileType = sourcecode.swift; path = HomeView.swift; sourceTree = "<group>"; };
		0747D913563F052C68C0F023 /* NLPLogViewModel.swift */ = {isa = PBXFileReference; lastKnownFileType = sourcecode.swift; path = NLPLogViewModel.swift; sourceTree = "<group>"; };
		09AC3E9A8017B8394A9D0B09 /* WeightEntry.swift */ = {isa = PBXFileReference; lastKnownFileType = sourcecode.swift; path = WeightEntry.swift; sourceTree = "<group>"; };
		09BAE911A2C6549150F22520 /* PhotoCaptureView.swift */ = {isa = PBXFileReference; lastKnownFileType = sourcecode.swift; path = PhotoCaptureView.swift; sourceTree = "<group>"; };
		09D18C44D112F3A399759F9A /* AIDecodingTests.swift */ = {isa = PBXFileReference; lastKnownFileType = sourcecode.swift; path = AIDecodingTests.swift; sourceTree = "<group>"; };
		0F3D420D3FEA4CEB930512F7 /* LogRepository.swift */ = {isa = PBXFileReference; lastKnownFileType = sourcecode.swift; path = LogRepository.swift; sourceTree = "<group>"; };
		1523EC7FDCD427719D78831F /* MacroRingView.swift */ = {isa = PBXFileReference; lastKnownFileType = sourcecode.swift; path = MacroRingView.swift; sourceTree = "<group>"; };
		1984C35E0B609E1E1F56507A /* MedicationViewModel.swift */ = {isa = PBXFileReference; lastKnownFileType = sourcecode.swift; path = MedicationViewModel.swift; sourceTree = "<group>"; };
		1AA43B0F0894C4E8CDCEA0F6 /* OnboardingView.swift */ = {isa = PBXFileReference; lastKnownFileType = sourcecode.swift; path = OnboardingView.swift; sourceTree = "<group>"; };
		1BF4D94F311D9A64F51F3D9E /* Date+Helpers.swift */ = {isa = PBXFileReference; lastKnownFileType = sourcecode.swift; path = "Date+Helpers.swift"; sourceTree = "<group>"; };
		1F0B0EBFF2474C8D0663A94B /* Color+Brand.swift */ = {isa = PBXFileReference; lastKnownFileType = sourcecode.swift; path = "Color+Brand.swift"; sourceTree = "<group>"; };
		20645E49E409D95E6B93F717 /* LoggerApp.app */ = {isa = PBXFileReference; explicitFileType = wrapper.application; includeInIndex = 0; path = LoggerApp.app; sourceTree = BUILT_PRODUCTS_DIR; };
		25EEDC73310610B4F4399E32 /* KeychainService.swift */ = {isa = PBXFileReference; lastKnownFileType = sourcecode.swift; path = KeychainService.swift; sourceTree = "<group>"; };
		3487F6C6AA67729DAC6C7479 /* MedicationModels.swift */ = {isa = PBXFileReference; lastKnownFileType = sourcecode.swift; path = MedicationModels.swift; sourceTree = "<group>"; };
		37344A545D85353673EFEC24 /* NavigationRouter.swift */ = {isa = PBXFileReference; lastKnownFileType = sourcecode.swift; path = NavigationRouter.swift; sourceTree = "<group>"; };
		38BDAF16FF543F9B4F252BEB /* UnitConverter.swift */ = {isa = PBXFileReference; lastKnownFileType = sourcecode.swift; path = UnitConverter.swift; sourceTree = "<group>"; };
		44130A3C00919966DD9E9635 /* UserProfile.swift */ = {isa = PBXFileReference; lastKnownFileType = sourcecode.swift; path = UserProfile.swift; sourceTree = "<group>"; };
		494D32A0F8E9ED8F2A3F83C5 /* AppError.swift */ = {isa = PBXFileReference; lastKnownFileType = sourcecode.swift; path = AppError.swift; sourceTree = "<group>"; };
		4D1C612923A463CDB2823CE2 /* Assets.xcassets */ = {isa = PBXFileReference; lastKnownFileType = folder.assetcatalog; path = Assets.xcassets; sourceTree = "<group>"; };
		51D06504E68A1A0AD7036BF9 /* DashboardViewModel.swift */ = {isa = PBXFileReference; lastKnownFileType = sourcecode.swift; path = DashboardViewModel.swift; sourceTree = "<group>"; };
		5235C96887682680E9DA93C4 /* FoodSearchViewModel.swift */ = {isa = PBXFileReference; lastKnownFileType = sourcecode.swift; path = FoodSearchViewModel.swift; sourceTree = "<group>"; };
		546D57A22ADA16EBE03A4390 /* FoodRepositoryRoutingTests.swift */ = {isa = PBXFileReference; lastKnownFileType = sourcecode.swift; path = FoodRepositoryRoutingTests.swift; sourceTree = "<group>"; };
		59A1C47B60F92BE5E5330C93 /* FoodLog.swift */ = {isa = PBXFileReference; lastKnownFileType = sourcecode.swift; path = FoodLog.swift; sourceTree = "<group>"; };
		5B19C85C66D3C57A626FC949 /* AIRepository.swift */ = {isa = PBXFileReference; lastKnownFileType = sourcecode.swift; path = AIRepository.swift; sourceTree = "<group>"; };
		5BE8011DD3808C3BD246A00B /* AppContainer.swift */ = {isa = PBXFileReference; lastKnownFileType = sourcecode.swift; path = AppContainer.swift; sourceTree = "<group>"; };
		621B26B3D576813C2BAE1405 /* FoodDetailView.swift */ = {isa = PBXFileReference; lastKnownFileType = sourcecode.swift; path = FoodDetailView.swift; sourceTree = "<group>"; };
		66990C2DAB2D2DABAE43CA54 /* WeightTrendView.swift */ = {isa = PBXFileReference; lastKnownFileType = sourcecode.swift; path = WeightTrendView.swift; sourceTree = "<group>"; };
		69312B08E9D3182B1D0EF5D5 /* SharedTypes.swift */ = {isa = PBXFileReference; lastKnownFileType = sourcecode.swift; path = SharedTypes.swift; sourceTree = "<group>"; };
		69F5853F01C34DD0DA6A67DC /* FoodSearchView.swift */ = {isa = PBXFileReference; lastKnownFileType = sourcecode.swift; path = FoodSearchView.swift; sourceTree = "<group>"; };
		6CA5C5094E669B89A13A0E46 /* MockFoodItems.swift */ = {isa = PBXFileReference; lastKnownFileType = sourcecode.swift; path = MockFoodItems.swift; sourceTree = "<group>"; };
		6CC8E66EB81B886192C89604 /* FoodItem.swift */ = {isa = PBXFileReference; lastKnownFileType = sourcecode.swift; path = FoodItem.swift; sourceTree = "<group>"; };
		77BA814DC09A00DE934A28B0 /* RepositoryProtocols.swift */ = {isa = PBXFileReference; lastKnownFileType = sourcecode.swift; path = RepositoryProtocols.swift; sourceTree = "<group>"; };
		884A3926105FCF62CBEF9E82 /* AnthropicClient.swift */ = {isa = PBXFileReference; lastKnownFileType = sourcecode.swift; path = AnthropicClient.swift; sourceTree = "<group>"; };
		8A5FB99ACB77AB35B64870D8 /* PhotoReviewView.swift */ = {isa = PBXFileReference; lastKnownFileType = sourcecode.swift; path = PhotoReviewView.swift; sourceTree = "<group>"; };
		8BA8D5BF5762BD77ED861C34 /* NLPLogView.swift */ = {isa = PBXFileReference; lastKnownFileType = sourcecode.swift; path = NLPLogView.swift; sourceTree = "<group>"; };
		8C4DEA045D71F4E551E5AEF4 /* OFFClient.swift */ = {isa = PBXFileReference; lastKnownFileType = sourcecode.swift; path = OFFClient.swift; sourceTree = "<group>"; };
		8FB45F145CEE145BFA423628 /* HealthKitService.swift */ = {isa = PBXFileReference; lastKnownFileType = sourcecode.swift; path = HealthKitService.swift; sourceTree = "<group>"; };
		972384DC20F5A75608339DF2 /* MockAIResponses.json */ = {isa = PBXFileReference; lastKnownFileType = text.json; path = MockAIResponses.json; sourceTree = "<group>"; };
		9B84D26007DC988070250B0C /* FoodRepository.swift */ = {isa = PBXFileReference; lastKnownFileType = sourcecode.swift; path = FoodRepository.swift; sourceTree = "<group>"; };
		A050AFD40E6E56DA396B20F5 /* AIFoodResponse.swift */ = {isa = PBXFileReference; lastKnownFileType = sourcecode.swift; path = AIFoodResponse.swift; sourceTree = "<group>"; };
		A113F1AA023452D210F1A7C1 /* WeightViewModel.swift */ = {isa = PBXFileReference; lastKnownFileType = sourcecode.swift; path = WeightViewModel.swift; sourceTree = "<group>"; };
		AD4050285731103FE0685BF1 /* RootView.swift */ = {isa = PBXFileReference; lastKnownFileType = sourcecode.swift; path = RootView.swift; sourceTree = "<group>"; };
		AEA6EED028A5381D2034EB9F /* SettingsViewModel.swift */ = {isa = PBXFileReference; lastKnownFileType = sourcecode.swift; path = SettingsViewModel.swift; sourceTree = "<group>"; };
		B015EC77D16689F142DAA23F /* LoggerAppTests.xctest */ = {isa = PBXFileReference; includeInIndex = 0; lastKnownFileType = wrapper.cfbundle; path = LoggerAppTests.xctest; sourceTree = BUILT_PRODUCTS_DIR; };
		B03793E7253F6EABA78F770B /* AIReviewViewModel.swift */ = {isa = PBXFileReference; lastKnownFileType = sourcecode.swift; path = AIReviewViewModel.swift; sourceTree = "<group>"; };
		B49C25CED9DDA466637F438C /* generic_foods.json */ = {isa = PBXFileReference; lastKnownFileType = text.json; path = generic_foods.json; sourceTree = "<group>"; };
		B616D22A16ED57EF4D56EDBF /* NutritionMathTests.swift */ = {isa = PBXFileReference; lastKnownFileType = sourcecode.swift; path = NutritionMathTests.swift; sourceTree = "<group>"; };
		B68227E5C0F91861A48BE57A /* GenericFoodDatabase.swift */ = {isa = PBXFileReference; lastKnownFileType = sourcecode.swift; path = GenericFoodDatabase.swift; sourceTree = "<group>"; };
		B9DD48513BD0E0D0C73F99D6 /* NutritionMath.swift */ = {isa = PBXFileReference; lastKnownFileType = sourcecode.swift; path = NutritionMath.swift; sourceTree = "<group>"; };
		CBD806382F576B5B00002564 /* LoggerApp.entitlements */ = {isa = PBXFileReference; lastKnownFileType = text.plist.entitlements; path = LoggerApp.entitlements; sourceTree = "<group>"; };
		D0C26DB53708686996AB3986 /* MacroCalculatorTests.swift */ = {isa = PBXFileReference; lastKnownFileType = sourcecode.swift; path = MacroCalculatorTests.swift; sourceTree = "<group>"; };
		D48CF94E4006C503E76993EF /* WeightRepository.swift */ = {isa = PBXFileReference; lastKnownFileType = sourcecode.swift; path = WeightRepository.swift; sourceTree = "<group>"; };
		D687CB87E25E2824B61C85D1 /* String+Helpers.swift */ = {isa = PBXFileReference; lastKnownFileType = sourcecode.swift; path = "String+Helpers.swift"; sourceTree = "<group>"; };
		DDC7270677E002F24B139FCB /* GLP1TrackerView.swift */ = {isa = PBXFileReference; lastKnownFileType = sourcecode.swift; path = GLP1TrackerView.swift; sourceTree = "<group>"; };
		DEF0C044EAFAD8C852195227 /* SettingsView.swift */ = {isa = PBXFileReference; lastKnownFileType = sourcecode.swift; path = SettingsView.swift; sourceTree = "<group>"; };
		E27F07034B14DACBA7324BC1 /* MedicationRepository.swift */ = {isa = PBXFileReference; lastKnownFileType = sourcecode.swift; path = MedicationRepository.swift; sourceTree = "<group>"; };
		E72A89692E4746D6BD4D5D4E /* NotificationManager.swift */ = {isa = PBXFileReference; lastKnownFileType = sourcecode.swift; path = NotificationManager.swift; sourceTree = "<group>"; };
		F0BF0FB91E0EABFA44721AB5 /* CustomFoodEditorView.swift */ = {isa = PBXFileReference; lastKnownFileType = sourcecode.swift; path = CustomFoodEditorView.swift; sourceTree = "<group>"; };
		F9EC9BDCBED3C1F69B0F1FB5 /* BarcodeScannerView.swift */ = {isa = PBXFileReference; lastKnownFileType = sourcecode.swift; path = BarcodeScannerView.swift; sourceTree = "<group>"; };
		FCFD54B26C1382AFD72662C1 /* FoodDetailViewModel.swift */ = {isa = PBXFileReference; lastKnownFileType = sourcecode.swift; path = FoodDetailViewModel.swift; sourceTree = "<group>"; };
/* End PBXFileReference section */

/* Begin PBXGroup section */
		019484B81916428C29C1DA09 /* Repositories */ = {
			isa = PBXGroup;
			children = (
				0F3D420D3FEA4CEB930512F7 /* LogRepository.swift */,
			);
			path = Repositories;
			sourceTree = "<group>";
		};
		05B687F8F05CC367C6F175FA /* Models */ = {
			isa = PBXGroup;
			children = (
				6CC8E66EB81B886192C89604 /* FoodItem.swift */,
				59A1C47B60F92BE5E5330C93 /* FoodLog.swift */,
				3487F6C6AA67729DAC6C7479 /* MedicationModels.swift */,
				69312B08E9D3182B1D0EF5D5 /* SharedTypes.swift */,
				44130A3C00919966DD9E9635 /* UserProfile.swift */,
				09AC3E9A8017B8394A9D0B09 /* WeightEntry.swift */,
			);
			path = Models;
			sourceTree = "<group>";
		};
		05C5B026227749A1F7B69933 /* Weight */ = {
			isa = PBXGroup;
			children = (
				735B1E43963F31F372C8579D /* Repositories */,
				49DA683F3B11F4FFFC40EB26 /* Services */,
				CF56BBFC8BAD56DBBF59D2E8 /* ViewModels */,
				6CDFB65835EED00D26A4CB08 /* Views */,
			);
			path = Weight;
			sourceTree = "<group>";
		};
		06229299A802FDEE4938B67C /* Repositories */ = {
			isa = PBXGroup;
			children = (
				E27F07034B14DACBA7324BC1 /* MedicationRepository.swift */,
			);
			path = Repositories;
			sourceTree = "<group>";
		};
		1306EDE2BB5AB8F382D721D0 = {
			isa = PBXGroup;
			children = (
				A21B0DF77D49DD2F9C5B9333 /* Fixtures */,
				80E6FC632DCCE4D726FF62A9 /* LoggerApp */,
				BDC68A1AD0D696421479E16E /* LoggerAppTests */,
				630D312C2D60717BF76D6D3D /* Resources */,
				DE873ECDCEA23FCE27A99FCE /* Seeds */,
				EC05CEEA84003C8306B8EE65 /* Products */,
			);
			sourceTree = "<group>";
		};
		2FE4F787F7E5481356486DEB /* Protocols */ = {
			isa = PBXGroup;
			children = (
				77BA814DC09A00DE934A28B0 /* RepositoryProtocols.swift */,
			);
			path = Protocols;
			sourceTree = "<group>";
		};
		3329470490EDABF182C3ADBB /* Views */ = {
			isa = PBXGroup;
			children = (
				1AA43B0F0894C4E8CDCEA0F6 /* OnboardingView.swift */,
				DEF0C044EAFAD8C852195227 /* SettingsView.swift */,
			);
			path = Views;
			sourceTree = "<group>";
		};
		467A6BBEDFA3E176C909449D /* ViewModels */ = {
			isa = PBXGroup;
			children = (
				B03793E7253F6EABA78F770B /* AIReviewViewModel.swift */,
				0747D913563F052C68C0F023 /* NLPLogViewModel.swift */,
				00BE5625BEB7492016A9051B /* PhotoLogViewModel.swift */,
			);
			path = ViewModels;
			sourceTree = "<group>";
		};
		49DA683F3B11F4FFFC40EB26 /* Services */ = {
			isa = PBXGroup;
			children = (
				8FB45F145CEE145BFA423628 /* HealthKitService.swift */,
			);
			path = Services;
			sourceTree = "<group>";
		};
		509C2BC109328074F94DAF87 /* Logging */ = {
			isa = PBXGroup;
			children = (
				019484B81916428C29C1DA09 /* Repositories */,
				91D8FC9E541332813D997F18 /* ViewModels */,
				7FA33BF5EE55D23D0A1A0F64 /* Views */,
			);
			path = Logging;
			sourceTree = "<group>";
		};
		530E10DDEABC6E588BF2758E /* Extensions */ = {
			isa = PBXGroup;
			children = (
				1F0B0EBFF2474C8D0663A94B /* Color+Brand.swift */,
				1BF4D94F311D9A64F51F3D9E /* Date+Helpers.swift */,
				D687CB87E25E2824B61C85D1 /* String+Helpers.swift */,
			);
			path = Extensions;
			sourceTree = "<group>";
		};
		630D312C2D60717BF76D6D3D /* Resources */ = {
			isa = PBXGroup;
			children = (
				4D1C612923A463CDB2823CE2 /* Assets.xcassets */,
			);
			path = Resources;
			sourceTree = "<group>";
		};
		654B4334952234B6DB7FB370 /* Services */ = {
			isa = PBXGroup;
			children = (
				8C4DEA045D71F4E551E5AEF4 /* OFFClient.swift */,
				036095ADC2D77CA9530C7661 /* OFFResponseParser.swift */,
			);
			path = Services;
			sourceTree = "<group>";
		};
		6CDFB65835EED00D26A4CB08 /* Views */ = {
			isa = PBXGroup;
			children = (
				66990C2DAB2D2DABAE43CA54 /* WeightTrendView.swift */,
			);
			path = Views;
			sourceTree = "<group>";
		};
		6CFAA3B051914D7CB613926C /* Settings */ = {
			isa = PBXGroup;
			children = (
				A90900CD0D2C0B9CAD6DAEB9 /* ViewModels */,
				3329470490EDABF182C3ADBB /* Views */,
			);
			path = Settings;
			sourceTree = "<group>";
		};
		6FC174D6A5AC89B6072E44F7 /* App */ = {
			isa = PBXGroup;
			children = (
				5BE8011DD3808C3BD246A00B /* AppContainer.swift */,
				03FD8A46C0AB7A602DC6D479 /* LoggerAppApp.swift */,
				37344A545D85353673EFEC24 /* NavigationRouter.swift */,
				AD4050285731103FE0685BF1 /* RootView.swift */,
			);
			path = App;
			sourceTree = "<group>";
		};
		735B1E43963F31F372C8579D /* Repositories */ = {
			isa = PBXGroup;
			children = (
				D48CF94E4006C503E76993EF /* WeightRepository.swift */,
			);
			path = Repositories;
			sourceTree = "<group>";
		};
		7F0BFC7ACC2948677B331D42 /* Views */ = {
			isa = PBXGroup;
			children = (
				F9EC9BDCBED3C1F69B0F1FB5 /* BarcodeScannerView.swift */,
				F0BF0FB91E0EABFA44721AB5 /* CustomFoodEditorView.swift */,
				621B26B3D576813C2BAE1405 /* FoodDetailView.swift */,
				69F5853F01C34DD0DA6A67DC /* FoodSearchView.swift */,
			);
			path = Views;
			sourceTree = "<group>";
		};
		7FA33BF5EE55D23D0A1A0F64 /* Views */ = {
			isa = PBXGroup;
			children = (
				04C49CAB934923A825BB074C /* HomeView.swift */,
				1523EC7FDCD427719D78831F /* MacroRingView.swift */,
			);
			path = Views;
			sourceTree = "<group>";
		};
		80E6FC632DCCE4D726FF62A9 /* LoggerApp */ = {
			isa = PBXGroup;
			children = (
				CBD806382F576B5B00002564 /* LoggerApp.entitlements */,
				E89CB9799C78EEDC17B0A293 /* AI */,
				6FC174D6A5AC89B6072E44F7 /* App */,
				E037EC50C4C6DEDF2296B3DB /* Core */,
				C714DD1F9F599F017615480F /* Food */,
				509C2BC109328074F94DAF87 /* Logging */,
				9F6D7EDF397C23400CF675FB /* Medication */,
				AE5C3A26DD01DC898102A8BB /* Notifications */,
				6CFAA3B051914D7CB613926C /* Settings */,
				05C5B026227749A1F7B69933 /* Weight */,
			);
			path = LoggerApp;
			sourceTree = "<group>";
		};
		81C2052B6E7EEDD782B791F4 /* Services */ = {
			isa = PBXGroup;
			children = (
				884A3926105FCF62CBEF9E82 /* AnthropicClient.swift */,
			);
			path = Services;
			sourceTree = "<group>";
		};
		85D1999A7F4B87BF892AF02D /* Utilities */ = {
			isa = PBXGroup;
			children = (
				494D32A0F8E9ED8F2A3F83C5 /* AppError.swift */,
				25EEDC73310610B4F4399E32 /* KeychainService.swift */,
				B9DD48513BD0E0D0C73F99D6 /* NutritionMath.swift */,
				38BDAF16FF543F9B4F252BEB /* UnitConverter.swift */,
			);
			path = Utilities;
			sourceTree = "<group>";
		};
		896B3F0F48386F5382A037D3 /* Repositories */ = {
			isa = PBXGroup;
			children = (
				5B19C85C66D3C57A626FC949 /* AIRepository.swift */,
			);
			path = Repositories;
			sourceTree = "<group>";
		};
		8C040562EEA4193D3EAFA4E1 /* Repositories */ = {
			isa = PBXGroup;
			children = (
				9B84D26007DC988070250B0C /* FoodRepository.swift */,
				B68227E5C0F91861A48BE57A /* GenericFoodDatabase.swift */,
			);
			path = Repositories;
			sourceTree = "<group>";
		};
		91D8FC9E541332813D997F18 /* ViewModels */ = {
			isa = PBXGroup;
			children = (
				51D06504E68A1A0AD7036BF9 /* DashboardViewModel.swift */,
			);
			path = ViewModels;
			sourceTree = "<group>";
		};
		9F6D7EDF397C23400CF675FB /* Medication */ = {
			isa = PBXGroup;
			children = (
				06229299A802FDEE4938B67C /* Repositories */,
				B07BD6EE3E05EF2B81A88E27 /* ViewModels */,
				F219EAC1ACEBA17AB0CF9B09 /* Views */,
			);
			path = Medication;
			sourceTree = "<group>";
		};
		A21B0DF77D49DD2F9C5B9333 /* Fixtures */ = {
			isa = PBXGroup;
			children = (
				972384DC20F5A75608339DF2 /* MockAIResponses.json */,
			);
			name = Fixtures;
			path = LoggerAppTests/Fixtures;
			sourceTree = "<group>";
		};
		A90900CD0D2C0B9CAD6DAEB9 /* ViewModels */ = {
			isa = PBXGroup;
			children = (
				AEA6EED028A5381D2034EB9F /* SettingsViewModel.swift */,
			);
			path = ViewModels;
			sourceTree = "<group>";
		};
		AE5C3A26DD01DC898102A8BB /* Notifications */ = {
			isa = PBXGroup;
			children = (
				E72A89692E4746D6BD4D5D4E /* NotificationManager.swift */,
			);
			path = Notifications;
			sourceTree = "<group>";
		};
		B07BD6EE3E05EF2B81A88E27 /* ViewModels */ = {
			isa = PBXGroup;
			children = (
				1984C35E0B609E1E1F56507A /* MedicationViewModel.swift */,
			);
			path = ViewModels;
			sourceTree = "<group>";
		};
		BDC68A1AD0D696421479E16E /* LoggerAppTests */ = {
			isa = PBXGroup;
			children = (
				09D18C44D112F3A399759F9A /* AIDecodingTests.swift */,
				546D57A22ADA16EBE03A4390 /* FoodRepositoryRoutingTests.swift */,
				D0C26DB53708686996AB3986 /* MacroCalculatorTests.swift */,
				6CA5C5094E669B89A13A0E46 /* MockFoodItems.swift */,
				B616D22A16ED57EF4D56EDBF /* NutritionMathTests.swift */,
			);
			path = LoggerAppTests;
			sourceTree = "<group>";
		};
		C714DD1F9F599F017615480F /* Food */ = {
			isa = PBXGroup;
			children = (
				8C040562EEA4193D3EAFA4E1 /* Repositories */,
				654B4334952234B6DB7FB370 /* Services */,
				CA93F1B3C3F3B19D4C443447 /* ViewModels */,
				7F0BFC7ACC2948677B331D42 /* Views */,
			);
			path = Food;
			sourceTree = "<group>";
		};
		CA93F1B3C3F3B19D4C443447 /* ViewModels */ = {
			isa = PBXGroup;
			children = (
				FCFD54B26C1382AFD72662C1 /* FoodDetailViewModel.swift */,
				5235C96887682680E9DA93C4 /* FoodSearchViewModel.swift */,
			);
			path = ViewModels;
			sourceTree = "<group>";
		};
		CF56BBFC8BAD56DBBF59D2E8 /* ViewModels */ = {
			isa = PBXGroup;
			children = (
				A113F1AA023452D210F1A7C1 /* WeightViewModel.swift */,
			);
			path = ViewModels;
			sourceTree = "<group>";
		};
		D7F5B8F0B38619BA3DBDE911 /* Models */ = {
			isa = PBXGroup;
			children = (
				A050AFD40E6E56DA396B20F5 /* AIFoodResponse.swift */,
			);
			path = Models;
			sourceTree = "<group>";
		};
		DE873ECDCEA23FCE27A99FCE /* Seeds */ = {
			isa = PBXGroup;
			children = (
				B49C25CED9DDA466637F438C /* generic_foods.json */,
			);
			name = Seeds;
			path = Resources/Seeds;
			sourceTree = "<group>";
		};
		E037EC50C4C6DEDF2296B3DB /* Core */ = {
			isa = PBXGroup;
			children = (
				530E10DDEABC6E588BF2758E /* Extensions */,
				05B687F8F05CC367C6F175FA /* Models */,
				2FE4F787F7E5481356486DEB /* Protocols */,
				85D1999A7F4B87BF892AF02D /* Utilities */,
			);
			path = Core;
			sourceTree = "<group>";
		};
		E89CB9799C78EEDC17B0A293 /* AI */ = {
			isa = PBXGroup;
			children = (
				D7F5B8F0B38619BA3DBDE911 /* Models */,
				896B3F0F48386F5382A037D3 /* Repositories */,
				81C2052B6E7EEDD782B791F4 /* Services */,
				467A6BBEDFA3E176C909449D /* ViewModels */,
				EA8CC73CE0BF2503BD83A6E8 /* Views */,
			);
			path = AI;
			sourceTree = "<group>";
		};
		EA8CC73CE0BF2503BD83A6E8 /* Views */ = {
			isa = PBXGroup;
			children = (
				8BA8D5BF5762BD77ED861C34 /* NLPLogView.swift */,
				09BAE911A2C6549150F22520 /* PhotoCaptureView.swift */,
				8A5FB99ACB77AB35B64870D8 /* PhotoReviewView.swift */,
			);
			path = Views;
			sourceTree = "<group>";
		};
		EC05CEEA84003C8306B8EE65 /* Products */ = {
			isa = PBXGroup;
			children = (
				20645E49E409D95E6B93F717 /* LoggerApp.app */,
				B015EC77D16689F142DAA23F /* LoggerAppTests.xctest */,
			);
			name = Products;
			sourceTree = "<group>";
		};
		F219EAC1ACEBA17AB0CF9B09 /* Views */ = {
			isa = PBXGroup;
			children = (
				DDC7270677E002F24B139FCB /* GLP1TrackerView.swift */,
			);
			path = Views;
			sourceTree = "<group>";
		};
/* End PBXGroup section */

/* Begin PBXNativeTarget section */
		34999A039687AC79E984099E /* LoggerApp */ = {
			isa = PBXNativeTarget;
			buildConfigurationList = F102E2AB1D0DB57D49B1B98A /* Build configuration list for PBXNativeTarget "LoggerApp" */;
			buildPhases = (
				B2E9A6C0BF2399667E7AE788 /* Sources */,
				260F24A0D8F13EDD1761A913 /* Resources */,
			);
			buildRules = (
			);
			dependencies = (
			);
			name = LoggerApp;
			packageProductDependencies = (
			);
			productName = LoggerApp;
			productReference = 20645E49E409D95E6B93F717 /* LoggerApp.app */;
			productType = "com.apple.product-type.application";
		};
		4B1B56183507EE761128792E /* LoggerAppTests */ = {
			isa = PBXNativeTarget;
			buildConfigurationList = 3EB27669DF586E62BD84E703 /* Build configuration list for PBXNativeTarget "LoggerAppTests" */;
			buildPhases = (
				F3DB52D42AB0AD3558DA8AAE /* Sources */,
				F392BB5643E29DBB72249191 /* Resources */,
			);
			buildRules = (
			);
			dependencies = (
				F32D2DBE3EFB5BB7E5D9BF0A /* PBXTargetDependency */,
			);
			name = LoggerAppTests;
			packageProductDependencies = (
			);
			productName = LoggerAppTests;
			productReference = B015EC77D16689F142DAA23F /* LoggerAppTests.xctest */;
			productType = "com.apple.product-type.bundle.unit-test";
		};
/* End PBXNativeTarget section */

/* Begin PBXProject section */
		A5FD4A6825947354BAC1F5BB /* Project object */ = {
			isa = PBXProject;
			attributes = {
				BuildIndependentTargetsInParallel = YES;
				LastUpgradeCheck = 1430;
				TargetAttributes = {
					34999A039687AC79E984099E = {
						ProvisioningStyle = Automatic;
					};
				};
			};
			buildConfigurationList = A408709C693960F6EC4BE94D /* Build configuration list for PBXProject "LoggerApp" */;
			compatibilityVersion = "Xcode 14.0";
			developmentRegion = en;
			hasScannedForEncodings = 0;
			knownRegions = (
				Base,
				en,
			);
			mainGroup = 1306EDE2BB5AB8F382D721D0;
			minimizedProjectReferenceProxies = 1;
			projectDirPath = "";
			projectRoot = "";
			targets = (
				34999A039687AC79E984099E /* LoggerApp */,
				4B1B56183507EE761128792E /* LoggerAppTests */,
			);
		};
/* End PBXProject section */

/* Begin PBXResourcesBuildPhase section */
		260F24A0D8F13EDD1761A913 /* Resources */ = {
			isa = PBXResourcesBuildPhase;
			buildActionMask = 2147483647;
			files = (
				6844CCC4CE1C9B1F03C151F0 /* Assets.xcassets in Resources */,
				EA237CF32C4FEC8864002411 /* generic_foods.json in Resources */,
			);
			runOnlyForDeploymentPostprocessing = 0;
		};
		F392BB5643E29DBB72249191 /* Resources */ = {
			isa = PBXResourcesBuildPhase;
			buildActionMask = 2147483647;
			files = (
				E443703CA1F292423FB98DA4 /* MockAIResponses.json in Resources */,
			);
			runOnlyForDeploymentPostprocessing = 0;
		};
/* End PBXResourcesBuildPhase section */

/* Begin PBXSourcesBuildPhase section */
		B2E9A6C0BF2399667E7AE788 /* Sources */ = {
			isa = PBXSourcesBuildPhase;
			buildActionMask = 2147483647;
			files = (
				CE762FEAF68C20A2906A6D0B /* AIFoodResponse.swift in Sources */,
				E98D99BF9308FC3F914B1C4D /* AIRepository.swift in Sources */,
				C07D2E3B4CF607FF92C29B4A /* AIReviewViewModel.swift in Sources */,
				3D6339ACF38027AD6EA80E42 /* AnthropicClient.swift in Sources */,
				455CDFA0CC582A219B6A50F4 /* AppContainer.swift in Sources */,
				9F9B1BBA91ED56CEF11638DA /* AppError.swift in Sources */,
				DF30750F271404C4342EE25A /* BarcodeScannerView.swift in Sources */,
				DC138CFDF6EE30377C06E2B3 /* Color+Brand.swift in Sources */,
				2BB449C82633ED6F66766BA2 /* CustomFoodEditorView.swift in Sources */,
				B1E57553341225849CFEEB5E /* DashboardViewModel.swift in Sources */,
				FD567ED768C36E5235F28CB4 /* Date+Helpers.swift in Sources */,
				B4374B167F69B60625D5AB96 /* FoodDetailView.swift in Sources */,
				2C53E3B714BD6A1CF84A6091 /* FoodDetailViewModel.swift in Sources */,
				CBD3C347C2EA0B2E5ED7E410 /* FoodItem.swift in Sources */,
				F42369F31873225CE4FF51FC /* FoodLog.swift in Sources */,
				C977B1A9A65565B7428E0D95 /* FoodRepository.swift in Sources */,
				8EEDC591BA5EC64C24DB4101 /* FoodSearchView.swift in Sources */,
				5ABBEF89E8BFE035ACBBEEB4 /* FoodSearchViewModel.swift in Sources */,
				B438DAA0F8FC5F38B5778CB0 /* GLP1TrackerView.swift in Sources */,
				588A53AD4B86F448550E110E /* GenericFoodDatabase.swift in Sources */,
				169723050FE3785C8842AC4E /* HealthKitService.swift in Sources */,
				825241E6F2454EC12EE3B9E9 /* HomeView.swift in Sources */,
				2B9D6909392E7FED85B898E2 /* KeychainService.swift in Sources */,
				AF5E4A1A48E86E3383ED1EEF /* LogRepository.swift in Sources */,
				762E18781381A8A582CC6E9D /* LoggerAppApp.swift in Sources */,
				D7D406608EE0FB39B10AD5C4 /* MacroRingView.swift in Sources */,
				29CC3388A1C429EF2D53D313 /* MedicationModels.swift in Sources */,
				F833F66A9D09F74031889280 /* MedicationRepository.swift in Sources */,
				245A443EB4042F4B26C2471A /* MedicationViewModel.swift in Sources */,
				FD61B4C87EE8FFDA793AD47D /* NLPLogView.swift in Sources */,
				A99C1D6AF41F34F50E1FE740 /* NLPLogViewModel.swift in Sources */,
				9B8998C873D01E970EF77DF6 /* NavigationRouter.swift in Sources */,
				BE4AB6911C1487ABBFDA1481 /* NotificationManager.swift in Sources */,
				FD80E860F51A2029B4E8F6A2 /* NutritionMath.swift in Sources */,
				2D0A88336839215049709003 /* OFFClient.swift in Sources */,
				8EE2D195C30532E776A1BEAC /* OFFResponseParser.swift in Sources */,
				43097AAAAAB9AF9F5B147D91 /* OnboardingView.swift in Sources */,
				1F79FCE804B9E7A52D87D6EA /* PhotoCaptureView.swift in Sources */,
				9FE250D8BFC6C315CF7E99D2 /* PhotoLogViewModel.swift in Sources */,
				6CDC6D5B8562264316A69A85 /* PhotoReviewView.swift in Sources */,
				2AE8092FBC395DA5C4F2002B /* RepositoryProtocols.swift in Sources */,
				5F4E8A1A7B7022AB5563A210 /* RootView.swift in Sources */,
				B610B97C56C42DD6CF58BBEE /* SettingsView.swift in Sources */,
				A3042C2D8010EAC5A6F4A7B5 /* SettingsViewModel.swift in Sources */,
				77D698EBF76FFFEFE983CF4C /* SharedTypes.swift in Sources */,
				97BBE6408CE5E3DB732DE38D /* String+Helpers.swift in Sources */,
				6AE19AEDB42AECAB13C383DE /* UnitConverter.swift in Sources */,
				601ECC5D7CD59908977E31B0 /* UserProfile.swift in Sources */,
				335AF4DE6532982BB62452D9 /* WeightEntry.swift in Sources */,
				DF81856D6DD71E77000EFCE8 /* WeightRepository.swift in Sources */,
				0B83534FCDAC6780EB2D31DE /* WeightTrendView.swift in Sources */,
				9E7FE01E9D5EFA87C9D9795E /* WeightViewModel.swift in Sources */,
			);
			runOnlyForDeploymentPostprocessing = 0;
		};
		F3DB52D42AB0AD3558DA8AAE /* Sources */ = {
			isa = PBXSourcesBuildPhase;
			buildActionMask = 2147483647;
			files = (
				C8F81657A4A86FF2BDAF92A1 /* AIDecodingTests.swift in Sources */,
				3826F6B45FCE0E46EA956522 /* FoodRepositoryRoutingTests.swift in Sources */,
				048AA99F21FD8639CC0C199D /* MacroCalculatorTests.swift in Sources */,
				FCB8EA18708F1EC8AF406378 /* MockFoodItems.swift in Sources */,
				837CBC899D51B122ECA02547 /* NutritionMathTests.swift in Sources */,
			);
			runOnlyForDeploymentPostprocessing = 0;
		};
/* End PBXSourcesBuildPhase section */

/* Begin PBXTargetDependency section */
		F32D2DBE3EFB5BB7E5D9BF0A /* PBXTargetDependency */ = {
			isa = PBXTargetDependency;
			target = 34999A039687AC79E984099E /* LoggerApp */;
			targetProxy = EFE4185E8C90FE0DFD51DEEC /* PBXContainerItemProxy */;
		};
/* End PBXTargetDependency section */

/* Begin XCBuildConfiguration section */
		37AF8984488BF147B79ED9F6 /* Debug */ = {
			isa = XCBuildConfiguration;
			buildSettings = {
				BUNDLE_LOADER = "$(TEST_HOST)";
				IPHONEOS_DEPLOYMENT_TARGET = 17.0;
				LD_RUNPATH_SEARCH_PATHS = (
					"$(inherited)",
					"@executable_path/Frameworks",
					"@loader_path/Frameworks",
				);
				PRODUCT_BUNDLE_IDENTIFIER = com.dustinschaaf.LoggerAppTests;
				SDKROOT = iphoneos;
				TARGETED_DEVICE_FAMILY = "1,2";
				TEST_HOST = "$(BUILT_PRODUCTS_DIR)/LoggerApp.app/LoggerApp";
			};
			name = Debug;
		};
		9183E53EDA70940105D341C8 /* Release */ = {
			isa = XCBuildConfiguration;
			buildSettings = {
				ALWAYS_SEARCH_USER_PATHS = NO;
				CLANG_ANALYZER_NONNULL = YES;
				CLANG_ANALYZER_NUMBER_OBJECT_CONVERSION = YES_AGGRESSIVE;
				CLANG_CXX_LANGUAGE_STANDARD = "gnu++14";
				CLANG_CXX_LIBRARY = "libc++";
				CLANG_ENABLE_MODULES = YES;
				CLANG_ENABLE_OBJC_ARC = YES;
				CLANG_ENABLE_OBJC_WEAK = YES;
				CLANG_WARN_BLOCK_CAPTURE_AUTORELEASING = YES;
				CLANG_WARN_BOOL_CONVERSION = YES;
				CLANG_WARN_COMMA = YES;
				CLANG_WARN_CONSTANT_CONVERSION = YES;
				CLANG_WARN_DEPRECATED_OBJC_IMPLEMENTATIONS = YES;
				CLANG_WARN_DIRECT_OBJC_ISA_USAGE = YES_ERROR;
				CLANG_WARN_DOCUMENTATION_COMMENTS = YES;
				CLANG_WARN_EMPTY_BODY = YES;
				CLANG_WARN_ENUM_CONVERSION = YES;
				CLANG_WARN_INFINITE_RECURSION = YES;
				CLANG_WARN_INT_CONVERSION = YES;
				CLANG_WARN_NON_LITERAL_NULL_CONVERSION = YES;
				CLANG_WARN_OBJC_IMPLICIT_RETAIN_SELF = YES;
				CLANG_WARN_OBJC_LITERAL_CONVERSION = YES;
				CLANG_WARN_OBJC_ROOT_CLASS = YES_ERROR;
				CLANG_WARN_QUOTED_INCLUDE_IN_FRAMEWORK_HEADER = YES;
				CLANG_WARN_RANGE_LOOP_ANALYSIS = YES;
				CLANG_WARN_STRICT_PROTOTYPES = YES;
				CLANG_WARN_SUSPICIOUS_MOVE = YES;
				CLANG_WARN_UNGUARDED_AVAILABILITY = YES_AGGRESSIVE;
				CLANG_WARN_UNREACHABLE_CODE = YES;
				CLANG_WARN__DUPLICATE_METHOD_MATCH = YES;
				COPY_PHASE_STRIP = NO;
				CURRENT_PROJECT_VERSION = 1;
				DEBUG_INFORMATION_FORMAT = "dwarf-with-dsym";
				ENABLE_NS_ASSERTIONS = NO;
				ENABLE_STRICT_OBJC_MSGSEND = YES;
				GCC_C_LANGUAGE_STANDARD = gnu11;
				GCC_NO_COMMON_BLOCKS = YES;
				GCC_WARN_64_TO_32_BIT_CONVERSION = YES;
				GCC_WARN_ABOUT_RETURN_TYPE = YES_ERROR;
				GCC_WARN_UNDECLARED_SELECTOR = YES;
				GCC_WARN_UNINITIALIZED_AUTOS = YES_AGGRESSIVE;
				GCC_WARN_UNUSED_FUNCTION = YES;
				GCC_WARN_UNUSED_VARIABLE = YES;
				GENERATE_INFOPLIST_FILE = YES;
				INFOPLIST_KEY_CFBundleDisplayName = LoggerApp;
				INFOPLIST_KEY_LSApplicationCategoryType = "public.app-category.healthcare-fitness";
				INFOPLIST_KEY_NSCameraUsageDescription = "Capture meals and scan barcodes for food logging.";
				INFOPLIST_KEY_NSHealthShareUsageDescription = "Optional Apple Health weight sync is available when you enable it.";
				INFOPLIST_KEY_NSHealthUpdateUsageDescription = "Optional Apple Health weight sync can write confirmed weight entries.";
				INFOPLIST_KEY_NSPhotoLibraryAddUsageDescription = "Save exported nutrition data files.";
				INFOPLIST_KEY_NSPhotoLibraryUsageDescription = "Import meal photos for AI-assisted food logging.";
				INFOPLIST_KEY_UIApplicationSupportsIndirectInputEvents = YES;
				INFOPLIST_KEY_UILaunchScreen_Generation = YES;
				INFOPLIST_KEY_UISupportedInterfaceOrientations_iPhone = UIInterfaceOrientationPortrait;
				IPHONEOS_DEPLOYMENT_TARGET = 17.0;
				MARKETING_VERSION = 1.0;
				MTL_ENABLE_DEBUG_INFO = NO;
				MTL_FAST_MATH = YES;
				PRODUCT_NAME = "$(TARGET_NAME)";
				SDKROOT = iphoneos;
				SWIFT_COMPILATION_MODE = wholemodule;
				SWIFT_OPTIMIZATION_LEVEL = "-O";
				SWIFT_VERSION = 6.0;
			};
			name = Release;
		};
		A18F0F837B0D586F060B4EBE /* Release */ = {
			isa = XCBuildConfiguration;
			buildSettings = {
				BUNDLE_LOADER = "$(TEST_HOST)";
				IPHONEOS_DEPLOYMENT_TARGET = 17.0;
				LD_RUNPATH_SEARCH_PATHS = (
					"$(inherited)",
					"@executable_path/Frameworks",
					"@loader_path/Frameworks",
				);
				PRODUCT_BUNDLE_IDENTIFIER = com.dustinschaaf.LoggerAppTests;
				SDKROOT = iphoneos;
				TARGETED_DEVICE_FAMILY = "1,2";
				TEST_HOST = "$(BUILT_PRODUCTS_DIR)/LoggerApp.app/LoggerApp";
			};
			name = Release;
		};
		C1CFCC5366C9656E14306BA7 /* Debug */ = {
			isa = XCBuildConfiguration;
			buildSettings = {
				ALWAYS_SEARCH_USER_PATHS = NO;
				CLANG_ANALYZER_NONNULL = YES;
				CLANG_ANALYZER_NUMBER_OBJECT_CONVERSION = YES_AGGRESSIVE;
				CLANG_CXX_LANGUAGE_STANDARD = "gnu++14";
				CLANG_CXX_LIBRARY = "libc++";
				CLANG_ENABLE_MODULES = YES;
				CLANG_ENABLE_OBJC_ARC = YES;
				CLANG_ENABLE_OBJC_WEAK = YES;
				CLANG_WARN_BLOCK_CAPTURE_AUTORELEASING = YES;
				CLANG_WARN_BOOL_CONVERSION = YES;
				CLANG_WARN_COMMA = YES;
				CLANG_WARN_CONSTANT_CONVERSION = YES;
				CLANG_WARN_DEPRECATED_OBJC_IMPLEMENTATIONS = YES;
				CLANG_WARN_DIRECT_OBJC_ISA_USAGE = YES_ERROR;
				CLANG_WARN_DOCUMENTATION_COMMENTS = YES;
				CLANG_WARN_EMPTY_BODY = YES;
				CLANG_WARN_ENUM_CONVERSION = YES;
				CLANG_WARN_INFINITE_RECURSION = YES;
				CLANG_WARN_INT_CONVERSION = YES;
				CLANG_WARN_NON_LITERAL_NULL_CONVERSION = YES;
				CLANG_WARN_OBJC_IMPLICIT_RETAIN_SELF = YES;
				CLANG_WARN_OBJC_LITERAL_CONVERSION = YES;
				CLANG_WARN_OBJC_ROOT_CLASS = YES_ERROR;
				CLANG_WARN_QUOTED_INCLUDE_IN_FRAMEWORK_HEADER = YES;
				CLANG_WARN_RANGE_LOOP_ANALYSIS = YES;
				CLANG_WARN_STRICT_PROTOTYPES = YES;
				CLANG_WARN_SUSPICIOUS_MOVE = YES;
				CLANG_WARN_UNGUARDED_AVAILABILITY = YES_AGGRESSIVE;
				CLANG_WARN_UNREACHABLE_CODE = YES;
				CLANG_WARN__DUPLICATE_METHOD_MATCH = YES;
				COPY_PHASE_STRIP = NO;
				CURRENT_PROJECT_VERSION = 1;
				DEBUG_INFORMATION_FORMAT = dwarf;
				ENABLE_STRICT_OBJC_MSGSEND = YES;
				ENABLE_TESTABILITY = YES;
				GCC_C_LANGUAGE_STANDARD = gnu11;
				GCC_DYNAMIC_NO_PIC = NO;
				GCC_NO_COMMON_BLOCKS = YES;
				GCC_OPTIMIZATION_LEVEL = 0;
				GCC_PREPROCESSOR_DEFINITIONS = (
					"$(inherited)",
					"DEBUG=1",
				);
				GCC_WARN_64_TO_32_BIT_CONVERSION = YES;
				GCC_WARN_ABOUT_RETURN_TYPE = YES_ERROR;
				GCC_WARN_UNDECLARED_SELECTOR = YES;
				GCC_WARN_UNINITIALIZED_AUTOS = YES_AGGRESSIVE;
				GCC_WARN_UNUSED_FUNCTION = YES;
				GCC_WARN_UNUSED_VARIABLE = YES;
				GENERATE_INFOPLIST_FILE = YES;
				INFOPLIST_KEY_CFBundleDisplayName = LoggerApp;
				INFOPLIST_KEY_LSApplicationCategoryType = "public.app-category.healthcare-fitness";
				INFOPLIST_KEY_NSCameraUsageDescription = "Capture meals and scan barcodes for food logging.";
				INFOPLIST_KEY_NSHealthShareUsageDescription = "Optional Apple Health weight sync is available when you enable it.";
				INFOPLIST_KEY_NSHealthUpdateUsageDescription = "Optional Apple Health weight sync can write confirmed weight entries.";
				INFOPLIST_KEY_NSPhotoLibraryAddUsageDescription = "Save exported nutrition data files.";
				INFOPLIST_KEY_NSPhotoLibraryUsageDescription = "Import meal photos for AI-assisted food logging.";
				INFOPLIST_KEY_UIApplicationSupportsIndirectInputEvents = YES;
				INFOPLIST_KEY_UILaunchScreen_Generation = YES;
				INFOPLIST_KEY_UISupportedInterfaceOrientations_iPhone = UIInterfaceOrientationPortrait;
				IPHONEOS_DEPLOYMENT_TARGET = 17.0;
				MARKETING_VERSION = 1.0;
				MTL_ENABLE_DEBUG_INFO = INCLUDE_SOURCE;
				MTL_FAST_MATH = YES;
				ONLY_ACTIVE_ARCH = YES;
				PRODUCT_NAME = "$(TARGET_NAME)";
				SDKROOT = iphoneos;
				SWIFT_ACTIVE_COMPILATION_CONDITIONS = DEBUG;
				SWIFT_OPTIMIZATION_LEVEL = "-Onone";
				SWIFT_VERSION = 6.0;
			};
			name = Debug;
		};
		D8B55D093009A75A9F1FD84D /* Release */ = {
			isa = XCBuildConfiguration;
			buildSettings = {
				ASSETCATALOG_COMPILER_APPICON_NAME = AppIcon;
				CODE_SIGN_ENTITLEMENTS = LoggerApp/LoggerApp.entitlements;
				CODE_SIGN_IDENTITY = "iPhone Developer";
				CODE_SIGN_STYLE = Automatic;
				DEVELOPMENT_TEAM = 286LKF859M;
				ENABLE_PREVIEWS = YES;
				INFOPLIST_KEY_CFBundleDisplayName = LoggerApp;
				INFOPLIST_KEY_LSApplicationCategoryType = "public.app-category.healthcare-fitness";
				INFOPLIST_KEY_NSCameraUsageDescription = "Capture meals and scan barcodes for food logging.";
				INFOPLIST_KEY_NSHealthShareUsageDescription = "Optional Apple Health weight sync is available when you enable it.";
				INFOPLIST_KEY_NSHealthUpdateUsageDescription = "Optional Apple Health weight sync can write confirmed weight entries.";
				INFOPLIST_KEY_NSPhotoLibraryAddUsageDescription = "Save exported nutrition data files.";
				INFOPLIST_KEY_NSPhotoLibraryUsageDescription = "Import meal photos for AI-assisted food logging.";
				INFOPLIST_KEY_UIApplicationSupportsIndirectInputEvents = YES;
				INFOPLIST_KEY_UILaunchScreen_Generation = YES;
				INFOPLIST_KEY_UISupportedInterfaceOrientations_iPhone = UIInterfaceOrientationPortrait;
				IPHONEOS_DEPLOYMENT_TARGET = 17.0;
				LD_RUNPATH_SEARCH_PATHS = (
					"$(inherited)",
					"@executable_path/Frameworks",
				);
				PRODUCT_BUNDLE_IDENTIFIER = com.dustinschaaf.LoggerApp;
				PRODUCT_NAME = LoggerApp;
				SDKROOT = iphoneos;
				SUPPORTED_PLATFORMS = "iphoneos iphonesimulator";
				SUPPORTS_MACCATALYST = NO;
				SUPPORTS_MAC_DESIGNED_FOR_IPHONE_IPAD = NO;
				SUPPORTS_XR_DESIGNED_FOR_IPHONE_IPAD = NO;
				SWIFT_EMIT_LOC_STRINGS = YES;
				TARGETED_DEVICE_FAMILY = "1,2";
			};
			name = Release;
		};
		ECF03A377A4BDE108AFE1324 /* Debug */ = {
			isa = XCBuildConfiguration;
			buildSettings = {
				ASSETCATALOG_COMPILER_APPICON_NAME = AppIcon;
				CODE_SIGN_ENTITLEMENTS = LoggerApp/LoggerApp.entitlements;
				CODE_SIGN_IDENTITY = "iPhone Developer";
				CODE_SIGN_STYLE = Automatic;
				DEVELOPMENT_TEAM = 286LKF859M;
				ENABLE_PREVIEWS = YES;
				INFOPLIST_KEY_CFBundleDisplayName = LoggerApp;
				INFOPLIST_KEY_LSApplicationCategoryType = "public.app-category.healthcare-fitness";
				INFOPLIST_KEY_NSCameraUsageDescription = "Capture meals and scan barcodes for food logging.";
				INFOPLIST_KEY_NSHealthShareUsageDescription = "Optional Apple Health weight sync is available when you enable it.";
				INFOPLIST_KEY_NSHealthUpdateUsageDescription = "Optional Apple Health weight sync can write confirmed weight entries.";
				INFOPLIST_KEY_NSPhotoLibraryAddUsageDescription = "Save exported nutrition data files.";
				INFOPLIST_KEY_NSPhotoLibraryUsageDescription = "Import meal photos for AI-assisted food logging.";
				INFOPLIST_KEY_UIApplicationSupportsIndirectInputEvents = YES;
				INFOPLIST_KEY_UILaunchScreen_Generation = YES;
				INFOPLIST_KEY_UISupportedInterfaceOrientations_iPhone = UIInterfaceOrientationPortrait;
				IPHONEOS_DEPLOYMENT_TARGET = 17.0;
				LD_RUNPATH_SEARCH_PATHS = (
					"$(inherited)",
					"@executable_path/Frameworks",
				);
				PRODUCT_BUNDLE_IDENTIFIER = com.dustinschaaf.LoggerApp;
				PRODUCT_NAME = LoggerApp;
				SDKROOT = iphoneos;
				SUPPORTED_PLATFORMS = "iphoneos iphonesimulator";
				SUPPORTS_MACCATALYST = NO;
				SUPPORTS_MAC_DESIGNED_FOR_IPHONE_IPAD = NO;
				SUPPORTS_XR_DESIGNED_FOR_IPHONE_IPAD = NO;
				SWIFT_EMIT_LOC_STRINGS = YES;
				TARGETED_DEVICE_FAMILY = "1,2";
			};
			name = Debug;
		};
/* End XCBuildConfiguration section */

/* Begin XCConfigurationList section */
		3EB27669DF586E62BD84E703 /* Build configuration list for PBXNativeTarget "LoggerAppTests" */ = {
			isa = XCConfigurationList;
			buildConfigurations = (
				37AF8984488BF147B79ED9F6 /* Debug */,
				A18F0F837B0D586F060B4EBE /* Release */,
			);
			defaultConfigurationIsVisible = 0;
			defaultConfigurationName = Debug;
		};
		A408709C693960F6EC4BE94D /* Build configuration list for PBXProject "LoggerApp" */ = {
			isa = XCConfigurationList;
			buildConfigurations = (
				C1CFCC5366C9656E14306BA7 /* Debug */,
				9183E53EDA70940105D341C8 /* Release */,
			);
			defaultConfigurationIsVisible = 0;
			defaultConfigurationName = Debug;
		};
		F102E2AB1D0DB57D49B1B98A /* Build configuration list for PBXNativeTarget "LoggerApp" */ = {
			isa = XCConfigurationList;
			buildConfigurations = (
				ECF03A377A4BDE108AFE1324 /* Debug */,
				D8B55D093009A75A9F1FD84D /* Release */,
			);
			defaultConfigurationIsVisible = 0;
			defaultConfigurationName = Debug;
		};
/* End XCConfigurationList section */
	};
	rootObject = A5FD4A6825947354BAC1F5BB /* Project object */;
}
